
Microsoft Visual Studio Solution File, Format Version 12.00
# Visual Studio Version 17
VisualStudioVersion = 17.8.34525.116
MinimumVisualStudioVersion = 10.0.40219.1
Project("{9A19103F-16F7-4668-BE54-9A1E7A4F7556}") = "IPK-Proj1", "ConsoleApp1\IPK-Proj1.csproj", "{8A50DAD3-9839-441C-97A4-8065D2352922}"
EndProject
Global
	GlobalSection(SolutionConfigurationPlatforms) = preSolution
		Debug|Any CPU = Debug|Any CPU
		Release|Any CPU = Release|Any CPU
	EndGlobalSection
	GlobalSection(ProjectConfigurationPlatforms) = postSolution
		{8A50DAD3-9839-441C-97A4-8065D2352922}.Debug|Any CPU.ActiveCfg = Debug|Any CPU
		{8A50DAD3-9839-441C-97A4-8065D2352922}.Debug|Any CPU.Build.0 = Debug|Any CPU
		{8A50DAD3-9839-441C-97A4-8065D2352922}.Release|Any CPU.ActiveCfg = Release|Any CPU
		{8A50DAD3-9839-441C-97A4-8065D2352922}.Release|Any CPU.Build.0 = Release|Any CPU
	EndGlobalSection
	GlobalSection(SolutionProperties) = preSolution
		HideSolutionNode = FALSE
	EndGlobalSection
	GlobalSection(ExtensibilityGlobals) = postSolution
		SolutionGuid = {3BF1A280-7BB2-46EC-BD8C-4852F578D979}
	EndGlobalSection
EndGlobal
